
Microsoft Visual Studio Solution File, Format Version 12.00
# Visual Studio 14
VisualStudioVersion = 14.0.25420.1
MinimumVisualStudioVersion = 10.0.40219.1
Project("{2150E333-8FDC-42A3-9474-1A3956D46DE8}") = "Libraries", "Libraries", "{3F4979EE-DF67-4880-B0CD-EF6803F31872}"
EndProject
Project("{FAE04EC0-301F-11D3-BF4B-00C04F79EFBC}") = "WPFTestControl", "WPFTestControl\WPFTestControl.csproj", "{74018AFB-FF67-4B45-BC7F-445A375D748D}"
EndProject
Project("{FAE04EC0-301F-11D3-BF4B-00C04F79EFBC}") = "WinFormsTestControl", "WinFormsTestControl\WinFormsTestControl.csproj", "{CBB5EEEB-A5DC-4C3C-893B-917822BAD5B8}"
EndProject
Project("{FAE04EC0-301F-11D3-BF4B-00C04F79EFBC}") = "ConsoleTest", "ConsoleTest\ConsoleTest.csproj", "{81622C82-A74E-4F70-A87A-D1A0E42076AE}"
EndProject
Project("{FAE04EC0-301F-11D3-BF4B-00C04F79EFBC}") = "JavaClassUseExample", "JavaClassUseExample\JavaClassUseExample.csproj", "{D3CD53FA-F454-4873-AECF-85E6A0670EE2}"
EndProject
Project("{FAE04EC0-301F-11D3-BF4B-00C04F79EFBC}") = "JVMEnvironmentExample", "JVMEnvironmentExample\JVMEnvironmentExample.csproj", "{F880CBBD-7A74-4736-AB66-C2F49A3A8E8E}"
EndProject
Project("{2150E333-8FDC-42A3-9474-1A3956D46DE8}") = "Examples", "Examples", "{22D4262B-A265-47F2-8A72-F055F7AD6460}"
EndProject
Project("{2150E333-8FDC-42A3-9474-1A3956D46DE8}") = "Java", "Java", "{4FE57C5C-D4AA-466C-92CC-082DCD499E95}"
EndProject
Project("{2150E333-8FDC-42A3-9474-1A3956D46DE8}") = "Scala", "Scala", "{C08AA085-7F52-4CD5-AE96-CEE4CCC943CC}"
EndProject
Project("{FAE04EC0-301F-11D3-BF4B-00C04F79EFBC}") = "ScalaClassUseExample", "ScalaClassUseExample\ScalaClassUseExample.csproj", "{89B4FD60-1A5D-424E-82A7-76ACBA5AB6F0}"
EndProject
Project("{FAE04EC0-301F-11D3-BF4B-00C04F79EFBC}") = "CSharpClass", "CSharpClass\CSharpClass.csproj", "{B23326A7-D0A4-46C6-8810-68A89B251110}"
EndProject
Project("{F184B08F-C81C-45F6-A57F-5ABD9991F28F}") = "VBClass", "VBClass\VBClass.vbproj", "{CABAA8BB-7B97-4449-988A-156325489445}"
EndProject
Project("{FAE04EC0-301F-11D3-BF4B-00C04F79EFBC}") = "JavaClassUseNotDynamicExample", "JavaClassUseNotDynamicExample\JavaClassUseNotDynamicExample.csproj", "{F50E5B5B-6FD5-4CAB-966D-2B0839CEE254}"
EndProject
Global
	GlobalSection(SolutionConfigurationPlatforms) = preSolution
		Debug|Any CPU = Debug|Any CPU
		Release|Any CPU = Release|Any CPU
	EndGlobalSection
	GlobalSection(ProjectConfigurationPlatforms) = postSolution
		{74018AFB-FF67-4B45-BC7F-445A375D748D}.Debug|Any CPU.ActiveCfg = Debug|Any CPU
		{74018AFB-FF67-4B45-BC7F-445A375D748D}.Debug|Any CPU.Build.0 = Debug|Any CPU
		{74018AFB-FF67-4B45-BC7F-445A375D748D}.Release|Any CPU.ActiveCfg = Release|Any CPU
		{74018AFB-FF67-4B45-BC7F-445A375D748D}.Release|Any CPU.Build.0 = Release|Any CPU
		{CBB5EEEB-A5DC-4C3C-893B-917822BAD5B8}.Debug|Any CPU.ActiveCfg = Debug|Any CPU
		{CBB5EEEB-A5DC-4C3C-893B-917822BAD5B8}.Debug|Any CPU.Build.0 = Debug|Any CPU
		{CBB5EEEB-A5DC-4C3C-893B-917822BAD5B8}.Release|Any CPU.ActiveCfg = Release|Any CPU
		{CBB5EEEB-A5DC-4C3C-893B-917822BAD5B8}.Release|Any CPU.Build.0 = Release|Any CPU
		{81622C82-A74E-4F70-A87A-D1A0E42076AE}.Debug|Any CPU.ActiveCfg = Debug|Any CPU
		{81622C82-A74E-4F70-A87A-D1A0E42076AE}.Debug|Any CPU.Build.0 = Debug|Any CPU
		{81622C82-A74E-4F70-A87A-D1A0E42076AE}.Release|Any CPU.ActiveCfg = Release|Any CPU
		{81622C82-A74E-4F70-A87A-D1A0E42076AE}.Release|Any CPU.Build.0 = Release|Any CPU
		{D3CD53FA-F454-4873-AECF-85E6A0670EE2}.Debug|Any CPU.ActiveCfg = Debug|Any CPU
		{D3CD53FA-F454-4873-AECF-85E6A0670EE2}.Debug|Any CPU.Build.0 = Debug|Any CPU
		{D3CD53FA-F454-4873-AECF-85E6A0670EE2}.Release|Any CPU.ActiveCfg = Release|Any CPU
		{D3CD53FA-F454-4873-AECF-85E6A0670EE2}.Release|Any CPU.Build.0 = Release|Any CPU
		{F880CBBD-7A74-4736-AB66-C2F49A3A8E8E}.Debug|Any CPU.ActiveCfg = Debug|Any CPU
		{F880CBBD-7A74-4736-AB66-C2F49A3A8E8E}.Debug|Any CPU.Build.0 = Debug|Any CPU
		{F880CBBD-7A74-4736-AB66-C2F49A3A8E8E}.Release|Any CPU.ActiveCfg = Release|Any CPU
		{F880CBBD-7A74-4736-AB66-C2F49A3A8E8E}.Release|Any CPU.Build.0 = Release|Any CPU
		{89B4FD60-1A5D-424E-82A7-76ACBA5AB6F0}.Debug|Any CPU.ActiveCfg = Debug|Any CPU
		{89B4FD60-1A5D-424E-82A7-76ACBA5AB6F0}.Debug|Any CPU.Build.0 = Debug|Any CPU
		{89B4FD60-1A5D-424E-82A7-76ACBA5AB6F0}.Release|Any CPU.ActiveCfg = Release|Any CPU
		{89B4FD60-1A5D-424E-82A7-76ACBA5AB6F0}.Release|Any CPU.Build.0 = Release|Any CPU
		{B23326A7-D0A4-46C6-8810-68A89B251110}.Debug|Any CPU.ActiveCfg = Debug|Any CPU
		{B23326A7-D0A4-46C6-8810-68A89B251110}.Debug|Any CPU.Build.0 = Debug|Any CPU
		{B23326A7-D0A4-46C6-8810-68A89B251110}.Release|Any CPU.ActiveCfg = Release|Any CPU
		{B23326A7-D0A4-46C6-8810-68A89B251110}.Release|Any CPU.Build.0 = Release|Any CPU
		{CABAA8BB-7B97-4449-988A-156325489445}.Debug|Any CPU.ActiveCfg = Debug|Any CPU
		{CABAA8BB-7B97-4449-988A-156325489445}.Debug|Any CPU.Build.0 = Debug|Any CPU
		{CABAA8BB-7B97-4449-988A-156325489445}.Release|Any CPU.ActiveCfg = Release|Any CPU
		{CABAA8BB-7B97-4449-988A-156325489445}.Release|Any CPU.Build.0 = Release|Any CPU
		{F50E5B5B-6FD5-4CAB-966D-2B0839CEE254}.Debug|Any CPU.ActiveCfg = Debug|Any CPU
		{F50E5B5B-6FD5-4CAB-966D-2B0839CEE254}.Debug|Any CPU.Build.0 = Debug|Any CPU
		{F50E5B5B-6FD5-4CAB-966D-2B0839CEE254}.Release|Any CPU.ActiveCfg = Release|Any CPU
		{F50E5B5B-6FD5-4CAB-966D-2B0839CEE254}.Release|Any CPU.Build.0 = Release|Any CPU
	EndGlobalSection
	GlobalSection(SolutionProperties) = preSolution
		HideSolutionNode = FALSE
	EndGlobalSection
	GlobalSection(NestedProjects) = preSolution
		{74018AFB-FF67-4B45-BC7F-445A375D748D} = {3F4979EE-DF67-4880-B0CD-EF6803F31872}
		{CBB5EEEB-A5DC-4C3C-893B-917822BAD5B8} = {3F4979EE-DF67-4880-B0CD-EF6803F31872}
		{81622C82-A74E-4F70-A87A-D1A0E42076AE} = {4FE57C5C-D4AA-466C-92CC-082DCD499E95}
		{D3CD53FA-F454-4873-AECF-85E6A0670EE2} = {4FE57C5C-D4AA-466C-92CC-082DCD499E95}
		{F880CBBD-7A74-4736-AB66-C2F49A3A8E8E} = {4FE57C5C-D4AA-466C-92CC-082DCD499E95}
		{4FE57C5C-D4AA-466C-92CC-082DCD499E95} = {22D4262B-A265-47F2-8A72-F055F7AD6460}
		{C08AA085-7F52-4CD5-AE96-CEE4CCC943CC} = {22D4262B-A265-47F2-8A72-F055F7AD6460}
		{89B4FD60-1A5D-424E-82A7-76ACBA5AB6F0} = {C08AA085-7F52-4CD5-AE96-CEE4CCC943CC}
		{B23326A7-D0A4-46C6-8810-68A89B251110} = {3F4979EE-DF67-4880-B0CD-EF6803F31872}
		{CABAA8BB-7B97-4449-988A-156325489445} = {3F4979EE-DF67-4880-B0CD-EF6803F31872}
		{F50E5B5B-6FD5-4CAB-966D-2B0839CEE254} = {4FE57C5C-D4AA-466C-92CC-082DCD499E95}
	EndGlobalSection
EndGlobal
